
Microsoft Visual Studio Solution File, Format Version 12.00
# Visual Studio 15
VisualStudioVersion = 15.0.27703.2026
MinimumVisualStudioVersion = 10.0.40219.1
Project("{FAE04EC0-301F-11D3-BF4B-00C04F79EFBC}") = "Hangman.Core", "Hangman.Core\Hangman.Core.csproj", "{ED98CB8E-BD77-4BEF-AF71-D6CD32E187D4}"
EndProject
Project("{FAE04EC0-301F-11D3-BF4B-00C04F79EFBC}") = "Hangman.Tests", "Hangman.Tests\Hangman.Tests.csproj", "{C0485565-9E09-4D50-BE7C-09BCA0975D06}"
EndProject
Global
	GlobalSection(SolutionConfigurationPlatforms) = preSolution
		Debug|Any CPU = Debug|Any CPU
		Release|Any CPU = Release|Any CPU
	EndGlobalSection
	GlobalSection(ProjectConfigurationPlatforms) = postSolution
		{ED98CB8E-BD77-4BEF-AF71-D6CD32E187D4}.Debug|Any CPU.ActiveCfg = Debug|Any CPU
		{ED98CB8E-BD77-4BEF-AF71-D6CD32E187D4}.Debug|Any CPU.Build.0 = Debug|Any CPU
		{ED98CB8E-BD77-4BEF-AF71-D6CD32E187D4}.Release|Any CPU.ActiveCfg = Release|Any CPU
		{ED98CB8E-BD77-4BEF-AF71-D6CD32E187D4}.Release|Any CPU.Build.0 = Release|Any CPU
		{C0485565-9E09-4D50-BE7C-09BCA0975D06}.Debug|Any CPU.ActiveCfg = Debug|Any CPU
		{C0485565-9E09-4D50-BE7C-09BCA0975D06}.Debug|Any CPU.Build.0 = Debug|Any CPU
		{C0485565-9E09-4D50-BE7C-09BCA0975D06}.Release|Any CPU.ActiveCfg = Release|Any CPU
		{C0485565-9E09-4D50-BE7C-09BCA0975D06}.Release|Any CPU.Build.0 = Release|Any CPU
	EndGlobalSection
	GlobalSection(SolutionProperties) = preSolution
		HideSolutionNode = FALSE
	EndGlobalSection
	GlobalSection(ExtensibilityGlobals) = postSolution
		SolutionGuid = {B690D84A-BFD8-40AC-B807-87BDC7CA63B0}
	EndGlobalSection
EndGlobal
